
Microsoft Visual Studio Solution File, Format Version 12.00
Project("{FAE04EC0-301F-11D3-BF4B-00C04F79EFBC}") = "ThreadsTut", "ThreadsTut\ThreadsTut.csproj", "{563DDF2C-4B86-406D-9C21-F9EE21EE9A7D}"
EndProject
Global
	GlobalSection(SolutionConfigurationPlatforms) = preSolution
		Debug|Any CPU = Debug|Any CPU
		Release|Any CPU = Release|Any CPU
	EndGlobalSection
	GlobalSection(ProjectConfigurationPlatforms) = postSolution
		{563DDF2C-4B86-406D-9C21-F9EE21EE9A7D}.Debug|Any CPU.ActiveCfg = Debug|Any CPU
		{563DDF2C-4B86-406D-9C21-F9EE21EE9A7D}.Debug|Any CPU.Build.0 = Debug|Any CPU
		{563DDF2C-4B86-406D-9C21-F9EE21EE9A7D}.Release|Any CPU.ActiveCfg = Release|Any CPU
		{563DDF2C-4B86-406D-9C21-F9EE21EE9A7D}.Release|Any CPU.Build.0 = Release|Any CPU
	EndGlobalSection
EndGlobal
